
Microsoft Visual Studio Solution File, Format Version 12.00
# Visual Studio 15
VisualStudioVersion = 15.0.26124.0
MinimumVisualStudioVersion = 15.0.26124.0
Project("{2150E333-8FDC-42A3-9474-1A3956D46DE8}") = "src", "src", "{1D5A4ABD-6199-4C5F-8B97-1D8BFF1188CA}"
EndProject
Project("{FAE04EC0-301F-11D3-BF4B-00C04F79EFBC}") = "IISWebManager.Api", "src\IISWebManager.Api\IISWebManager.Api.csproj", "{26A4E153-5C66-46F9-A4BD-8B274D0800BA}"
EndProject
Project("{FAE04EC0-301F-11D3-BF4B-00C04F79EFBC}") = "IISWebManager.Infrastructure", "src\IISWebManager.Infrastructure\IISWebManager.Infrastructure.csproj", "{6FFB89D5-445F-4EB2-A8AE-F5D81B3C0D06}"
EndProject
Project("{FAE04EC0-301F-11D3-BF4B-00C04F79EFBC}") = "IISWebManager.Core", "src\IISWebManager.Core\IISWebManager.Core.csproj", "{3F39EC1C-96D9-4A63-8739-7004DF5819B2}"
EndProject
Project("{FAE04EC0-301F-11D3-BF4B-00C04F79EFBC}") = "IISWebManager.Application", "src\IISWebManager.Application\IISWebManager.Application.csproj", "{F205B648-F1BE-4EC3-8390-6052CD6146D3}"
EndProject
Global
	GlobalSection(SolutionConfigurationPlatforms) = preSolution
		Debug|Any CPU = Debug|Any CPU
		Debug|x64 = Debug|x64
		Debug|x86 = Debug|x86
		Release|Any CPU = Release|Any CPU
		Release|x64 = Release|x64
		Release|x86 = Release|x86
	EndGlobalSection
	GlobalSection(SolutionProperties) = preSolution
		HideSolutionNode = FALSE
	EndGlobalSection
	GlobalSection(ProjectConfigurationPlatforms) = postSolution
		{26A4E153-5C66-46F9-A4BD-8B274D0800BA}.Debug|Any CPU.ActiveCfg = Debug|Any CPU
		{26A4E153-5C66-46F9-A4BD-8B274D0800BA}.Debug|Any CPU.Build.0 = Debug|Any CPU
		{26A4E153-5C66-46F9-A4BD-8B274D0800BA}.Debug|x64.ActiveCfg = Debug|Any CPU
		{26A4E153-5C66-46F9-A4BD-8B274D0800BA}.Debug|x64.Build.0 = Debug|Any CPU
		{26A4E153-5C66-46F9-A4BD-8B274D0800BA}.Debug|x86.ActiveCfg = Debug|Any CPU
		{26A4E153-5C66-46F9-A4BD-8B274D0800BA}.Debug|x86.Build.0 = Debug|Any CPU
		{26A4E153-5C66-46F9-A4BD-8B274D0800BA}.Release|Any CPU.ActiveCfg = Release|Any CPU
		{26A4E153-5C66-46F9-A4BD-8B274D0800BA}.Release|Any CPU.Build.0 = Release|Any CPU
		{26A4E153-5C66-46F9-A4BD-8B274D0800BA}.Release|x64.ActiveCfg = Release|Any CPU
		{26A4E153-5C66-46F9-A4BD-8B274D0800BA}.Release|x64.Build.0 = Release|Any CPU
		{26A4E153-5C66-46F9-A4BD-8B274D0800BA}.Release|x86.ActiveCfg = Release|Any CPU
		{26A4E153-5C66-46F9-A4BD-8B274D0800BA}.Release|x86.Build.0 = Release|Any CPU
		{6FFB89D5-445F-4EB2-A8AE-F5D81B3C0D06}.Debug|Any CPU.ActiveCfg = Debug|Any CPU
		{6FFB89D5-445F-4EB2-A8AE-F5D81B3C0D06}.Debug|Any CPU.Build.0 = Debug|Any CPU
		{6FFB89D5-445F-4EB2-A8AE-F5D81B3C0D06}.Debug|x64.ActiveCfg = Debug|Any CPU
		{6FFB89D5-445F-4EB2-A8AE-F5D81B3C0D06}.Debug|x64.Build.0 = Debug|Any CPU
		{6FFB89D5-445F-4EB2-A8AE-F5D81B3C0D06}.Debug|x86.ActiveCfg = Debug|Any CPU
		{6FFB89D5-445F-4EB2-A8AE-F5D81B3C0D06}.Debug|x86.Build.0 = Debug|Any CPU
		{6FFB89D5-445F-4EB2-A8AE-F5D81B3C0D06}.Release|Any CPU.ActiveCfg = Release|Any CPU
		{6FFB89D5-445F-4EB2-A8AE-F5D81B3C0D06}.Release|Any CPU.Build.0 = Release|Any CPU
		{6FFB89D5-445F-4EB2-A8AE-F5D81B3C0D06}.Release|x64.ActiveCfg = Release|Any CPU
		{6FFB89D5-445F-4EB2-A8AE-F5D81B3C0D06}.Release|x64.Build.0 = Release|Any CPU
		{6FFB89D5-445F-4EB2-A8AE-F5D81B3C0D06}.Release|x86.ActiveCfg = Release|Any CPU
		{6FFB89D5-445F-4EB2-A8AE-F5D81B3C0D06}.Release|x86.Build.0 = Release|Any CPU
		{3F39EC1C-96D9-4A63-8739-7004DF5819B2}.Debug|Any CPU.ActiveCfg = Debug|Any CPU
		{3F39EC1C-96D9-4A63-8739-7004DF5819B2}.Debug|Any CPU.Build.0 = Debug|Any CPU
		{3F39EC1C-96D9-4A63-8739-7004DF5819B2}.Debug|x64.ActiveCfg = Debug|Any CPU
		{3F39EC1C-96D9-4A63-8739-7004DF5819B2}.Debug|x64.Build.0 = Debug|Any CPU
		{3F39EC1C-96D9-4A63-8739-7004DF5819B2}.Debug|x86.ActiveCfg = Debug|Any CPU
		{3F39EC1C-96D9-4A63-8739-7004DF5819B2}.Debug|x86.Build.0 = Debug|Any CPU
		{3F39EC1C-96D9-4A63-8739-7004DF5819B2}.Release|Any CPU.ActiveCfg = Release|Any CPU
		{3F39EC1C-96D9-4A63-8739-7004DF5819B2}.Release|Any CPU.Build.0 = Release|Any CPU
		{3F39EC1C-96D9-4A63-8739-7004DF5819B2}.Release|x64.ActiveCfg = Release|Any CPU
		{3F39EC1C-96D9-4A63-8739-7004DF5819B2}.Release|x64.Build.0 = Release|Any CPU
		{3F39EC1C-96D9-4A63-8739-7004DF5819B2}.Release|x86.ActiveCfg = Release|Any CPU
		{3F39EC1C-96D9-4A63-8739-7004DF5819B2}.Release|x86.Build.0 = Release|Any CPU
		{F205B648-F1BE-4EC3-8390-6052CD6146D3}.Debug|Any CPU.ActiveCfg = Debug|Any CPU
		{F205B648-F1BE-4EC3-8390-6052CD6146D3}.Debug|Any CPU.Build.0 = Debug|Any CPU
		{F205B648-F1BE-4EC3-8390-6052CD6146D3}.Debug|x64.ActiveCfg = Debug|Any CPU
		{F205B648-F1BE-4EC3-8390-6052CD6146D3}.Debug|x64.Build.0 = Debug|Any CPU
		{F205B648-F1BE-4EC3-8390-6052CD6146D3}.Debug|x86.ActiveCfg = Debug|Any CPU
		{F205B648-F1BE-4EC3-8390-6052CD6146D3}.Debug|x86.Build.0 = Debug|Any CPU
		{F205B648-F1BE-4EC3-8390-6052CD6146D3}.Release|Any CPU.ActiveCfg = Release|Any CPU
		{F205B648-F1BE-4EC3-8390-6052CD6146D3}.Release|Any CPU.Build.0 = Release|Any CPU
		{F205B648-F1BE-4EC3-8390-6052CD6146D3}.Release|x64.ActiveCfg = Release|Any CPU
		{F205B648-F1BE-4EC3-8390-6052CD6146D3}.Release|x64.Build.0 = Release|Any CPU
		{F205B648-F1BE-4EC3-8390-6052CD6146D3}.Release|x86.ActiveCfg = Release|Any CPU
		{F205B648-F1BE-4EC3-8390-6052CD6146D3}.Release|x86.Build.0 = Release|Any CPU
	EndGlobalSection
	GlobalSection(NestedProjects) = preSolution
		{26A4E153-5C66-46F9-A4BD-8B274D0800BA} = {1D5A4ABD-6199-4C5F-8B97-1D8BFF1188CA}
		{6FFB89D5-445F-4EB2-A8AE-F5D81B3C0D06} = {1D5A4ABD-6199-4C5F-8B97-1D8BFF1188CA}
		{3F39EC1C-96D9-4A63-8739-7004DF5819B2} = {1D5A4ABD-6199-4C5F-8B97-1D8BFF1188CA}
		{F205B648-F1BE-4EC3-8390-6052CD6146D3} = {1D5A4ABD-6199-4C5F-8B97-1D8BFF1188CA}
	EndGlobalSection
EndGlobal
